
Microsoft Visual Studio Solution File, Format Version 12.00
# Visual Studio Version 16
VisualStudioVersion = 16.0.30523.141
MinimumVisualStudioVersion = 10.0.40219.1
Project("{FAE04EC0-301F-11D3-BF4B-00C04F79EFBC}") = "Game", "Game.csproj", "{98150378-82E3-420F-8D32-AD75C7D04004}"
EndProject
Global
	GlobalSection(SolutionConfigurationPlatforms) = preSolution
		Debug|Any CPU = Debug|Any CPU
		Release|Any CPU = Release|Any CPU
	EndGlobalSection
	GlobalSection(ProjectConfigurationPlatforms) = postSolution
		{98150378-82E3-420F-8D32-AD75C7D04004}.Debug|Any CPU.ActiveCfg = Debug|Any CPU
		{98150378-82E3-420F-8D32-AD75C7D04004}.Debug|Any CPU.Build.0 = Debug|Any CPU
		{98150378-82E3-420F-8D32-AD75C7D04004}.Release|Any CPU.ActiveCfg = Release|Any CPU
		{98150378-82E3-420F-8D32-AD75C7D04004}.Release|Any CPU.Build.0 = Release|Any CPU
	EndGlobalSection
	GlobalSection(SolutionProperties) = preSolution
		HideSolutionNode = FALSE
	EndGlobalSection
	GlobalSection(ExtensibilityGlobals) = postSolution
		SolutionGuid = {158C9986-0692-436D-89AE-72B5F241CC7C}
	EndGlobalSection
EndGlobal
